{
  "name": "gsheetsts",
  "version": "0.1.0",
  "lockfileVersion": 1,
  "requires": true,
  "dependencies": {
    "@types/google-apps-script": {
      "version": "0.0.18",
      "resolved": "https://registry.npmjs.org/@types/google-apps-script/-/google-apps-script-0.0.18.tgz",
      "integrity": "sha512-MPzsT/OzpyAzzHYcCslYyW1vpaxX5kgxEhxTlILUvt+xHeV7nj9uTtBGqY/BcbepXTsrbVonApS6cEJEPO98VA==",
      "dev": true
    },
    "@types/node": {
      "version": "9.4.6",
      "resolved": "https://registry.npmjs.org/@types/node/-/node-9.4.6.tgz",
      "integrity": "sha512-CTUtLb6WqCCgp6P59QintjHWqzf4VL1uPA27bipLAPxFqrtK1gEYllePzTICGqQ8rYsCbpnsNypXjjDzGAAjEQ==",
      "dev": true
    }
  }
}
